
Microsoft Visual Studio Solution File, Format Version 12.00
# Visual Studio Version 17
VisualStudioVersion = 17.5.33414.496
MinimumVisualStudioVersion = 10.0.40219.1
Project("{FAE04EC0-301F-11D3-BF4B-00C04F79EFBC}") = "Password_Generator", "Password_Generator.csproj", "{69836E2F-D94C-4ECD-AA1F-2A22E371EE41}"
EndProject
Global
	GlobalSection(SolutionConfigurationPlatforms) = preSolution
		Debug|Any CPU = Debug|Any CPU
		Release|Any CPU = Release|Any CPU
	EndGlobalSection
	GlobalSection(ProjectConfigurationPlatforms) = postSolution
		{69836E2F-D94C-4ECD-AA1F-2A22E371EE41}.Debug|Any CPU.ActiveCfg = Debug|Any CPU
		{69836E2F-D94C-4ECD-AA1F-2A22E371EE41}.Debug|Any CPU.Build.0 = Debug|Any CPU
		{69836E2F-D94C-4ECD-AA1F-2A22E371EE41}.Release|Any CPU.ActiveCfg = Release|Any CPU
		{69836E2F-D94C-4ECD-AA1F-2A22E371EE41}.Release|Any CPU.Build.0 = Release|Any CPU
	EndGlobalSection
	GlobalSection(SolutionProperties) = preSolution
		HideSolutionNode = FALSE
	EndGlobalSection
	GlobalSection(ExtensibilityGlobals) = postSolution
		SolutionGuid = {02FB44FB-2094-4068-B3DA-68F8E2393B87}
	EndGlobalSection
EndGlobal
